
Microsoft Visual Studio Solution File, Format Version 12.00
# Visual Studio 14
VisualStudioVersion = 14.0.25420.1
MinimumVisualStudioVersion = 10.0.40219.1
Project("{FAE04EC0-301F-11D3-BF4B-00C04F79EFBC}") = "CheckINN.Frontend", "CheckINN.Frontend\CheckINN.Frontend.csproj", "{9A429AFC-4F11-4FE0-A0AC-C127C5B306DD}"
EndProject
Project("{FAE04EC0-301F-11D3-BF4B-00C04F79EFBC}") = "CheckINN.Domain", "CheckINN.Domain\CheckINN.Domain.csproj", "{ED4A3516-4393-4812-A15E-91669923D51B}"
EndProject
Project("{FAE04EC0-301F-11D3-BF4B-00C04F79EFBC}") = "CheckInn.Domain.Tests", "CheckInn.Domain.Tests\CheckInn.Domain.Tests.csproj", "{B4B4C513-26FA-4927-BC30-A841929B02E4}"
EndProject
Project("{FAE04EC0-301F-11D3-BF4B-00C04F79EFBC}") = "CheckINN.WebApi", "CheckINN.WebApi\CheckINN.WebApi.csproj", "{A718B26A-BF9B-47E4-94DE-F3376C9B7A07}"
EndProject
Project("{FAE04EC0-301F-11D3-BF4B-00C04F79EFBC}") = "CheckINN.WebApi.Tests", "CheckINN.WebApi.Tests\CheckINN.WebApi.Tests.csproj", "{FE75F57F-8BFF-4A17-82CA-460ED0845E2D}"
EndProject
Global
	GlobalSection(SolutionConfigurationPlatforms) = preSolution
		Debug|Any CPU = Debug|Any CPU
		Debug|x64 = Debug|x64
		Debug|x86 = Debug|x86
		Release|Any CPU = Release|Any CPU
		Release|x64 = Release|x64
		Release|x86 = Release|x86
	EndGlobalSection
	GlobalSection(ProjectConfigurationPlatforms) = postSolution
		{9A429AFC-4F11-4FE0-A0AC-C127C5B306DD}.Debug|Any CPU.ActiveCfg = Debug|Any CPU
		{9A429AFC-4F11-4FE0-A0AC-C127C5B306DD}.Debug|Any CPU.Build.0 = Debug|Any CPU
		{9A429AFC-4F11-4FE0-A0AC-C127C5B306DD}.Debug|x64.ActiveCfg = Debug|x64
		{9A429AFC-4F11-4FE0-A0AC-C127C5B306DD}.Debug|x64.Build.0 = Debug|x64
		{9A429AFC-4F11-4FE0-A0AC-C127C5B306DD}.Debug|x86.ActiveCfg = Debug|x86
		{9A429AFC-4F11-4FE0-A0AC-C127C5B306DD}.Debug|x86.Build.0 = Debug|x86
		{9A429AFC-4F11-4FE0-A0AC-C127C5B306DD}.Release|Any CPU.ActiveCfg = Release|Any CPU
		{9A429AFC-4F11-4FE0-A0AC-C127C5B306DD}.Release|Any CPU.Build.0 = Release|Any CPU
		{9A429AFC-4F11-4FE0-A0AC-C127C5B306DD}.Release|x64.ActiveCfg = Release|x64
		{9A429AFC-4F11-4FE0-A0AC-C127C5B306DD}.Release|x64.Build.0 = Release|x64
		{9A429AFC-4F11-4FE0-A0AC-C127C5B306DD}.Release|x86.ActiveCfg = Release|x86
		{9A429AFC-4F11-4FE0-A0AC-C127C5B306DD}.Release|x86.Build.0 = Release|x86
		{ED4A3516-4393-4812-A15E-91669923D51B}.Debug|Any CPU.ActiveCfg = Debug|Any CPU
		{ED4A3516-4393-4812-A15E-91669923D51B}.Debug|Any CPU.Build.0 = Debug|Any CPU
		{ED4A3516-4393-4812-A15E-91669923D51B}.Debug|x64.ActiveCfg = Debug|Any CPU
		{ED4A3516-4393-4812-A15E-91669923D51B}.Debug|x64.Build.0 = Debug|Any CPU
		{ED4A3516-4393-4812-A15E-91669923D51B}.Debug|x86.ActiveCfg = Debug|Any CPU
		{ED4A3516-4393-4812-A15E-91669923D51B}.Debug|x86.Build.0 = Debug|Any CPU
		{ED4A3516-4393-4812-A15E-91669923D51B}.Release|Any CPU.ActiveCfg = Release|Any CPU
		{ED4A3516-4393-4812-A15E-91669923D51B}.Release|Any CPU.Build.0 = Release|Any CPU
		{ED4A3516-4393-4812-A15E-91669923D51B}.Release|x64.ActiveCfg = Release|Any CPU
		{ED4A3516-4393-4812-A15E-91669923D51B}.Release|x64.Build.0 = Release|Any CPU
		{ED4A3516-4393-4812-A15E-91669923D51B}.Release|x86.ActiveCfg = Release|Any CPU
		{ED4A3516-4393-4812-A15E-91669923D51B}.Release|x86.Build.0 = Release|Any CPU
		{B4B4C513-26FA-4927-BC30-A841929B02E4}.Debug|Any CPU.ActiveCfg = Debug|Any CPU
		{B4B4C513-26FA-4927-BC30-A841929B02E4}.Debug|Any CPU.Build.0 = Debug|Any CPU
		{B4B4C513-26FA-4927-BC30-A841929B02E4}.Debug|x64.ActiveCfg = Debug|Any CPU
		{B4B4C513-26FA-4927-BC30-A841929B02E4}.Debug|x64.Build.0 = Debug|Any CPU
		{B4B4C513-26FA-4927-BC30-A841929B02E4}.Debug|x86.ActiveCfg = Debug|Any CPU
		{B4B4C513-26FA-4927-BC30-A841929B02E4}.Debug|x86.Build.0 = Debug|Any CPU
		{B4B4C513-26FA-4927-BC30-A841929B02E4}.Release|Any CPU.ActiveCfg = Release|Any CPU
		{B4B4C513-26FA-4927-BC30-A841929B02E4}.Release|Any CPU.Build.0 = Release|Any CPU
		{B4B4C513-26FA-4927-BC30-A841929B02E4}.Release|x64.ActiveCfg = Release|Any CPU
		{B4B4C513-26FA-4927-BC30-A841929B02E4}.Release|x64.Build.0 = Release|Any CPU
		{B4B4C513-26FA-4927-BC30-A841929B02E4}.Release|x86.ActiveCfg = Release|Any CPU
		{B4B4C513-26FA-4927-BC30-A841929B02E4}.Release|x86.Build.0 = Release|Any CPU
		{A718B26A-BF9B-47E4-94DE-F3376C9B7A07}.Debug|Any CPU.ActiveCfg = Debug|Any CPU
		{A718B26A-BF9B-47E4-94DE-F3376C9B7A07}.Debug|Any CPU.Build.0 = Debug|Any CPU
		{A718B26A-BF9B-47E4-94DE-F3376C9B7A07}.Debug|x64.ActiveCfg = Debug|Any CPU
		{A718B26A-BF9B-47E4-94DE-F3376C9B7A07}.Debug|x64.Build.0 = Debug|Any CPU
		{A718B26A-BF9B-47E4-94DE-F3376C9B7A07}.Debug|x86.ActiveCfg = Debug|Any CPU
		{A718B26A-BF9B-47E4-94DE-F3376C9B7A07}.Debug|x86.Build.0 = Debug|Any CPU
		{A718B26A-BF9B-47E4-94DE-F3376C9B7A07}.Release|Any CPU.ActiveCfg = Release|Any CPU
		{A718B26A-BF9B-47E4-94DE-F3376C9B7A07}.Release|Any CPU.Build.0 = Release|Any CPU
		{A718B26A-BF9B-47E4-94DE-F3376C9B7A07}.Release|x64.ActiveCfg = Release|Any CPU
		{A718B26A-BF9B-47E4-94DE-F3376C9B7A07}.Release|x64.Build.0 = Release|Any CPU
		{A718B26A-BF9B-47E4-94DE-F3376C9B7A07}.Release|x86.ActiveCfg = Release|Any CPU
		{A718B26A-BF9B-47E4-94DE-F3376C9B7A07}.Release|x86.Build.0 = Release|Any CPU
		{FE75F57F-8BFF-4A17-82CA-460ED0845E2D}.Debug|Any CPU.ActiveCfg = Debug|Any CPU
		{FE75F57F-8BFF-4A17-82CA-460ED0845E2D}.Debug|Any CPU.Build.0 = Debug|Any CPU
		{FE75F57F-8BFF-4A17-82CA-460ED0845E2D}.Debug|x64.ActiveCfg = Debug|Any CPU
		{FE75F57F-8BFF-4A17-82CA-460ED0845E2D}.Debug|x64.Build.0 = Debug|Any CPU
		{FE75F57F-8BFF-4A17-82CA-460ED0845E2D}.Debug|x86.ActiveCfg = Debug|Any CPU
		{FE75F57F-8BFF-4A17-82CA-460ED0845E2D}.Debug|x86.Build.0 = Debug|Any CPU
		{FE75F57F-8BFF-4A17-82CA-460ED0845E2D}.Release|Any CPU.ActiveCfg = Release|Any CPU
		{FE75F57F-8BFF-4A17-82CA-460ED0845E2D}.Release|Any CPU.Build.0 = Release|Any CPU
		{FE75F57F-8BFF-4A17-82CA-460ED0845E2D}.Release|x64.ActiveCfg = Release|Any CPU
		{FE75F57F-8BFF-4A17-82CA-460ED0845E2D}.Release|x64.Build.0 = Release|Any CPU
		{FE75F57F-8BFF-4A17-82CA-460ED0845E2D}.Release|x86.ActiveCfg = Release|Any CPU
		{FE75F57F-8BFF-4A17-82CA-460ED0845E2D}.Release|x86.Build.0 = Release|Any CPU
	EndGlobalSection
	GlobalSection(SolutionProperties) = preSolution
		HideSolutionNode = FALSE
	EndGlobalSection
	GlobalSection(ExtensibilityGlobals) = postSolution
		SolutionGuid = {90FF966E-4C45-41B0-9BDB-0573540E830C}
	EndGlobalSection
EndGlobal
